
Microsoft Visual Studio Solution File, Format Version 12.00
# Visual Studio Version 17
VisualStudioVersion = 17.4.33213.308
MinimumVisualStudioVersion = 10.0.40219.1
Project("{FAE04EC0-301F-11D3-BF4B-00C04F79EFBC}") = "gitapp", "gitapp\gitapp.csproj", "{C6DFF53D-C703-4D50-BE73-EDCBD37C744D}"
EndProject
Global
	GlobalSection(SolutionConfigurationPlatforms) = preSolution
		Debug|Any CPU = Debug|Any CPU
		Release|Any CPU = Release|Any CPU
	EndGlobalSection
	GlobalSection(ProjectConfigurationPlatforms) = postSolution
		{C6DFF53D-C703-4D50-BE73-EDCBD37C744D}.Debug|Any CPU.ActiveCfg = Debug|Any CPU
		{C6DFF53D-C703-4D50-BE73-EDCBD37C744D}.Debug|Any CPU.Build.0 = Debug|Any CPU
		{C6DFF53D-C703-4D50-BE73-EDCBD37C744D}.Release|Any CPU.ActiveCfg = Release|Any CPU
		{C6DFF53D-C703-4D50-BE73-EDCBD37C744D}.Release|Any CPU.Build.0 = Release|Any CPU
	EndGlobalSection
	GlobalSection(SolutionProperties) = preSolution
		HideSolutionNode = FALSE
	EndGlobalSection
	GlobalSection(ExtensibilityGlobals) = postSolution
		SolutionGuid = {2335CA43-6ACA-4F19-A5C1-FA1813A2A0FB}
	EndGlobalSection
EndGlobal
